<?xml version="1.0" encoding="utf-8"?>
<Project ToolsVersion="4.0" xmlns="http://schemas.microsoft.com/developer/msbuild/2003">
  <ItemGroup>
    <Filter Include="Main">
      <UniqueIdentifier>{4FC737F1-C7A5-4376-A066-2A32D752A2FF}</UniqueIdentifier>
      <Extensions>cpp;c;cc;cxx;def;odl;idl;hpj;bat;asm;asmx</Extensions>
    </Filter>
    <Filter Include="Game Modules">
      <UniqueIdentifier>{15b5cbc6-cd68-4e6e-8935-b04f2fdf7bf4}</UniqueIdentifier>
    </Filter>
    <Filter Include="Core Modules">
      <UniqueIdentifier>{72b85efa-930b-4213-a8ec-2f0f817410d1}</UniqueIdentifier>
    </Filter>
    <Filter Include="Utils">
      <UniqueIdentifier>{ad89cf24-f35e-4d0c-90e5-820c054c274d}</UniqueIdentifier>
    </Filter>
    <Filter Include="Particles">
      <UniqueIdentifier>{9eb6729a-d6b4-40a3-9581-58c61e84c6f2}</UniqueIdentifier>
    </Filter>
    <Filter Include="Enemies">
      <UniqueIdentifier>{a72247da-5fe9-4f77-9361-1b005d461055}</UniqueIdentifier>
    </Filter>
  </ItemGroup>
  <ItemGroup>
    <ClInclude Include="Source\Globals.h">
      <Filter>Main</Filter>
    </ClInclude>
    <ClInclude Include="Source\Engine\Animation.h">
      <Filter>Utils</Filter>
    </ClInclude>
    <ClInclude Include="Source\Engine\Application.h">
      <Filter>Main</Filter>
    </ClInclude>
    <ClInclude Include="Source\Engine\Brofiler.h">
      <Filter>Utils</Filter>
    </ClInclude>
    <ClInclude Include="Source\Engine\Font.h">
      <Filter>Utils</Filter>
    </ClInclude>
    <ClInclude Include="Source\Engine\GameObject.h">
      <Filter>Utils</Filter>
    </ClInclude>
    <ClInclude Include="Source\Engine\json.hpp">
      <Filter>Utils</Filter>
    </ClInclude>
    <ClInclude Include="Source\Engine\MemLeaks.h">
      <Filter>Utils</Filter>
    </ClInclude>
    <ClInclude Include="Source\Engine\Modules\Module.h">
      <Filter>Core Modules</Filter>
    </ClInclude>
    <ClInclude Include="Source\Engine\Modules\ModuleAudio.h">
      <Filter>Core Modules</Filter>
    </ClInclude>
    <ClInclude Include="Source\Engine\Modules\ModuleCollision.h">
      <Filter>Core Modules</Filter>
    </ClInclude>
    <ClInclude Include="Source\Engine\Modules\ModuleFadeToBlack.h">
      <Filter>Core Modules</Filter>
    </ClInclude>
    <ClInclude Include="Source\Engine\Modules\ModuleFont.h">
      <Filter>Core Modules</Filter>
    </ClInclude>
    <ClInclude Include="Source\Engine\Modules\ModuleInput.h">
      <Filter>Core Modules</Filter>
    </ClInclude>
    <ClInclude Include="Source\Engine\Modules\ModuleRender.h">
      <Filter>Core Modules</Filter>
    </ClInclude>
    <ClInclude Include="Source\Engine\Modules\ModuleTextures.h">
      <Filter>Core Modules</Filter>
    </ClInclude>
    <ClInclude Include="Source\Engine\Modules\ModuleTime.h">
      <Filter>Core Modules</Filter>
    </ClInclude>
    <ClInclude Include="Source\Engine\Modules\ModuleWindow.h">
      <Filter>Core Modules</Filter>
    </ClInclude>
    <ClInclude Include="Source\Gameplay\ModuleSceneSega.h" />
    <ClInclude Include="Source\Engine\Vector.h">
      <Filter>Utils</Filter>
    </ClInclude>
    <ClInclude Include="Source\Engine\Components\Component.h" />
    <ClInclude Include="Source\Engine\Collision.h" />
    <ClInclude Include="Source\Engine\Components\Collider.h" />
    <ClInclude Include="Source\Engine\Modules\ModuleGameScene.h" />
    <ClInclude Include="Source\Engine\GameScene.h" />
    <ClInclude Include="Source\Engine\RTTI.h" />
  </ItemGroup>
  <ItemGroup>
    <ClCompile Include="Source\Globals.cpp">
      <Filter>Main</Filter>
    </ClCompile>
    <ClCompile Include="Source\Main.cpp">
      <Filter>Main</Filter>
    </ClCompile>
    <ClCompile Include="Source\Engine\Application.cpp">
      <Filter>Main</Filter>
    </ClCompile>
    <ClCompile Include="Source\Engine\Font.cpp">
      <Filter>Utils</Filter>
    </ClCompile>
    <ClCompile Include="Source\Engine\Log.cpp">
      <Filter>Utils</Filter>
    </ClCompile>
    <ClCompile Include="Source\Engine\Modules\ModuleAudio.cpp">
      <Filter>Core Modules</Filter>
    </ClCompile>
    <ClCompile Include="Source\Engine\Modules\ModuleCollision.cpp">
      <Filter>Core Modules</Filter>
    </ClCompile>
    <ClCompile Include="Source\Engine\Modules\ModuleFadeToBlack.cpp">
      <Filter>Core Modules</Filter>
    </ClCompile>
    <ClCompile Include="Source\Engine\Modules\ModuleFont.cpp">
      <Filter>Core Modules</Filter>
    </ClCompile>
    <ClCompile Include="Source\Engine\Modules\ModuleInput.cpp">
      <Filter>Core Modules</Filter>
    </ClCompile>
    <ClCompile Include="Source\Engine\Modules\ModuleRender.cpp">
      <Filter>Core Modules</Filter>
    </ClCompile>
    <ClCompile Include="Source\Engine\Modules\ModuleTextures.cpp">
      <Filter>Core Modules</Filter>
    </ClCompile>
    <ClCompile Include="Source\Engine\Modules\ModuleTime.cpp">
      <Filter>Core Modules</Filter>
    </ClCompile>
    <ClCompile Include="Source\Engine\Modules\ModuleWindow.cpp">
      <Filter>Core Modules</Filter>
    </ClCompile>
    <ClCompile Include="Source\Gameplay\ModuleSceneSega.cpp">
      <Filter>Main</Filter>
    </ClCompile>
    <ClCompile Include="Source\Engine\GameObject.cpp">
      <Filter>Main</Filter>
    </ClCompile>
    <ClCompile Include="Source\Engine\Collision.cpp">
      <Filter>Main</Filter>
    </ClCompile>
    <ClCompile Include="Source\Engine\Components\Collider.cpp">
      <Filter>Main</Filter>
    </ClCompile>
    <ClCompile Include="Source\Engine\RTTI.cpp">
      <Filter>Main</Filter>
    </ClCompile>
    <ClCompile Include="Source\Engine\GameScene.cpp">
      <Filter>Main</Filter>
    </ClCompile>
    <ClCompile Include="Source\Engine\Components\Component.cpp">
      <Filter>Main</Filter>
    </ClCompile>
  </ItemGroup>
</Project>